
Microsoft Visual Studio Solution File, Format Version 12.00
# Visual Studio Version 17
VisualStudioVersion = 17.3.32804.467
MinimumVisualStudioVersion = 10.0.40219.1
Project("{FAE04EC0-301F-11D3-BF4B-00C04F79EFBC}") = "ProgressTracker", "ProgressTracker\ProgressTracker.csproj", "{2EB3F93E-3A33-4EAD-A0BE-0EF61D74412C}"
EndProject
Global
	GlobalSection(SolutionConfigurationPlatforms) = preSolution
		Debug|Any CPU = Debug|Any CPU
		Release|Any CPU = Release|Any CPU
	EndGlobalSection
	GlobalSection(ProjectConfigurationPlatforms) = postSolution
		{2EB3F93E-3A33-4EAD-A0BE-0EF61D74412C}.Debug|Any CPU.ActiveCfg = Debug|Any CPU
		{2EB3F93E-3A33-4EAD-A0BE-0EF61D74412C}.Debug|Any CPU.Build.0 = Debug|Any CPU
		{2EB3F93E-3A33-4EAD-A0BE-0EF61D74412C}.Release|Any CPU.ActiveCfg = Release|Any CPU
		{2EB3F93E-3A33-4EAD-A0BE-0EF61D74412C}.Release|Any CPU.Build.0 = Release|Any CPU
	EndGlobalSection
	GlobalSection(SolutionProperties) = preSolution
		HideSolutionNode = FALSE
	EndGlobalSection
	GlobalSection(ExtensibilityGlobals) = postSolution
		SolutionGuid = {16729B88-DED3-4C4E-B78F-4A74B91400C8}
	EndGlobalSection
EndGlobal
